
Microsoft Visual Studio Solution File, Format Version 12.00
# Visual Studio Version 17
VisualStudioVersion = 17.4.33103.184
MinimumVisualStudioVersion = 10.0.40219.1
Project("{FAE04EC0-301F-11D3-BF4B-00C04F79EFBC}") = "MyApplicationAPI", "MyApplicationAPI\MyApplicationAPI.csproj", "{EC3B947C-8850-48B0-A006-A4B90577839C}"
EndProject
Project("{FAE04EC0-301F-11D3-BF4B-00C04F79EFBC}") = "DataAccess", "DataAccess\DataAccess.csproj", "{A7C7CBA5-404F-44AB-A52F-F2DE5734AA9E}"
EndProject
Project("{FAE04EC0-301F-11D3-BF4B-00C04F79EFBC}") = "RepositoriesLibrary", "RepositoriesLibrary\RepositoriesLibrary.csproj", "{D5302C21-0B99-4521-917E-A6516C87A0DF}"
EndProject
Global
	GlobalSection(SolutionConfigurationPlatforms) = preSolution
		Debug|Any CPU = Debug|Any CPU
		Release|Any CPU = Release|Any CPU
	EndGlobalSection
	GlobalSection(ProjectConfigurationPlatforms) = postSolution
		{EC3B947C-8850-48B0-A006-A4B90577839C}.Debug|Any CPU.ActiveCfg = Debug|Any CPU
		{EC3B947C-8850-48B0-A006-A4B90577839C}.Debug|Any CPU.Build.0 = Debug|Any CPU
		{EC3B947C-8850-48B0-A006-A4B90577839C}.Release|Any CPU.ActiveCfg = Release|Any CPU
		{EC3B947C-8850-48B0-A006-A4B90577839C}.Release|Any CPU.Build.0 = Release|Any CPU
		{A7C7CBA5-404F-44AB-A52F-F2DE5734AA9E}.Debug|Any CPU.ActiveCfg = Debug|Any CPU
		{A7C7CBA5-404F-44AB-A52F-F2DE5734AA9E}.Debug|Any CPU.Build.0 = Debug|Any CPU
		{A7C7CBA5-404F-44AB-A52F-F2DE5734AA9E}.Release|Any CPU.ActiveCfg = Release|Any CPU
		{A7C7CBA5-404F-44AB-A52F-F2DE5734AA9E}.Release|Any CPU.Build.0 = Release|Any CPU
		{D5302C21-0B99-4521-917E-A6516C87A0DF}.Debug|Any CPU.ActiveCfg = Debug|Any CPU
		{D5302C21-0B99-4521-917E-A6516C87A0DF}.Debug|Any CPU.Build.0 = Debug|Any CPU
		{D5302C21-0B99-4521-917E-A6516C87A0DF}.Release|Any CPU.ActiveCfg = Release|Any CPU
		{D5302C21-0B99-4521-917E-A6516C87A0DF}.Release|Any CPU.Build.0 = Release|Any CPU
	EndGlobalSection
	GlobalSection(SolutionProperties) = preSolution
		HideSolutionNode = FALSE
	EndGlobalSection
	GlobalSection(ExtensibilityGlobals) = postSolution
		SolutionGuid = {42B189C5-AA76-471B-95F8-18468602591C}
	EndGlobalSection
EndGlobal
